// !$*UTF8*$!
{
	archiveVersion = 1;
	classes = {
	};
	objectVersion = 56;
	objects = {

/* Begin PBXBuildFile section */
		E91F94BC2B04E36A008B4D9A /* CalendarCollectionViewCell.swift in Sources */ = {isa = PBXBuildFile; fileRef = E91F94BB2B04E36A008B4D9A /* CalendarCollectionViewCell.swift */; };
		E93767932AFF932D004DD5A6 /* MoreTableViewCell.swift in Sources */ = {isa = PBXBuildFile; fileRef = E93767922AFF932D004DD5A6 /* MoreTableViewCell.swift */; };
		E93767962AFF9BBB004DD5A6 /* EmptyTableViewCell.swift in Sources */ = {isa = PBXBuildFile; fileRef = E93767952AFF9BBB004DD5A6 /* EmptyTableViewCell.swift */; };
		E95363132B0CCD0D00675729 /* ThirdCreateViewController.swift in Sources */ = {isa = PBXBuildFile; fileRef = E95363122B0CCD0D00675729 /* ThirdCreateViewController.swift */; };
		E95363152B0D084800675729 /* RecordsViewController.swift in Sources */ = {isa = PBXBuildFile; fileRef = E95363142B0D084800675729 /* RecordsViewController.swift */; };
		E968D0342B15AEEF005E4F63 /* SaveData.swift in Sources */ = {isa = PBXBuildFile; fileRef = E968D0332B15AEEF005E4F63 /* SaveData.swift */; };
		E968D0362B15AF37005E4F63 /* RealmAPI.swift in Sources */ = {isa = PBXBuildFile; fileRef = E968D0352B15AF37005E4F63 /* RealmAPI.swift */; };
		E968D0382B15B311005E4F63 /* SaveDataModel.swift in Sources */ = {isa = PBXBuildFile; fileRef = E968D0372B15B311005E4F63 /* SaveDataModel.swift */; };
		E968D03A2B15C58B005E4F63 /* LoadData.swift in Sources */ = {isa = PBXBuildFile; fileRef = E968D0392B15C58B005E4F63 /* LoadData.swift */; };
		E96C44392B20D9E70094742A /* MonthRecordData.swift in Sources */ = {isa = PBXBuildFile; fileRef = E96C44382B20D9E70094742A /* MonthRecordData.swift */; };
		E97AAE8A2B02521900EC60B0 /* FSCalendar in Frameworks */ = {isa = PBXBuildFile; productRef = E97AAE892B02521900EC60B0 /* FSCalendar */; };
		E98143082AF92A6C008C3285 /* Extension.swift in Sources */ = {isa = PBXBuildFile; fileRef = E98143072AF92A6C008C3285 /* Extension.swift */; };
		E981430C2AF92B67008C3285 /* DataModel.swift in Sources */ = {isa = PBXBuildFile; fileRef = E981430B2AF92B67008C3285 /* DataModel.swift */; };
		E9902CC32B0F766E002BD2F7 /* StatisticsViewController.swift in Sources */ = {isa = PBXBuildFile; fileRef = E9902CC22B0F766E002BD2F7 /* StatisticsViewController.swift */; };
		E9997BD12B1030650048FE59 /* TabbarPage.swift in Sources */ = {isa = PBXBuildFile; fileRef = E9997BD02B1030650048FE59 /* TabbarPage.swift */; };
		E9A22A8B2B076560000BC944 /* Gifu in Frameworks */ = {isa = PBXBuildFile; productRef = E9A22A8A2B076560000BC944 /* Gifu */; };
		E9A22A8D2B076983000BC944 /* Splash.gif in Resources */ = {isa = PBXBuildFile; fileRef = E9A22A8C2B076983000BC944 /* Splash.gif */; };
		E9A22A902B076B7B000BC944 /* SplashViewController.swift in Sources */ = {isa = PBXBuildFile; fileRef = E9A22A8F2B076B7B000BC944 /* SplashViewController.swift */; };
		E9A22A932B08CA4C000BC944 /* FirstCreateViewController.swift in Sources */ = {isa = PBXBuildFile; fileRef = E9A22A922B08CA4C000BC944 /* FirstCreateViewController.swift */; };
		E9A22A952B08CAC3000BC944 /* NaviView.swift in Sources */ = {isa = PBXBuildFile; fileRef = E9A22A942B08CAC3000BC944 /* NaviView.swift */; };
		E9A22A982B09EB85000BC944 /* FirstCreateCollectionViewCell.swift in Sources */ = {isa = PBXBuildFile; fileRef = E9A22A972B09EB85000BC944 /* FirstCreateCollectionViewCell.swift */; };
		E9A22A9A2B0A1ADA000BC944 /* FirstCreateCVHeader.swift in Sources */ = {isa = PBXBuildFile; fileRef = E9A22A992B0A1ADA000BC944 /* FirstCreateCVHeader.swift */; };
		E9A22A9E2B0A213D000BC944 /* SecondCeateCollectionReusableView.swift in Sources */ = {isa = PBXBuildFile; fileRef = E9A22A9D2B0A213D000BC944 /* SecondCeateCollectionReusableView.swift */; };
		E9A22AA02B0A214F000BC944 /* SecondCreateCollectionViewCell.swift in Sources */ = {isa = PBXBuildFile; fileRef = E9A22A9F2B0A214F000BC944 /* SecondCreateCollectionViewCell.swift */; };
		E9A22AA22B0A215C000BC944 /* SecondCreateViewController.swift in Sources */ = {isa = PBXBuildFile; fileRef = E9A22AA12B0A215C000BC944 /* SecondCreateViewController.swift */; };
		E9A98FD32AF7A6B20024F77B /* AppDelegate.swift in Sources */ = {isa = PBXBuildFile; fileRef = E9A98FD22AF7A6B20024F77B /* AppDelegate.swift */; };
		E9A98FD52AF7A6B20024F77B /* SceneDelegate.swift in Sources */ = {isa = PBXBuildFile; fileRef = E9A98FD42AF7A6B20024F77B /* SceneDelegate.swift */; };
		E9A98FD72AF7A6B20024F77B /* TabbarViewController.swift in Sources */ = {isa = PBXBuildFile; fileRef = E9A98FD62AF7A6B20024F77B /* TabbarViewController.swift */; };
		E9A98FDA2AF7A6B20024F77B /* Main.storyboard in Resources */ = {isa = PBXBuildFile; fileRef = E9A98FD82AF7A6B20024F77B /* Main.storyboard */; };
		E9A98FDC2AF7A6B40024F77B /* Assets.xcassets in Resources */ = {isa = PBXBuildFile; fileRef = E9A98FDB2AF7A6B40024F77B /* Assets.xcassets */; };
		E9A98FDF2AF7A6B40024F77B /* LaunchScreen.storyboard in Resources */ = {isa = PBXBuildFile; fileRef = E9A98FDD2AF7A6B40024F77B /* LaunchScreen.storyboard */; };
		E9A98FE82AF7B43C0024F77B /* Realm in Frameworks */ = {isa = PBXBuildFile; productRef = E9A98FE72AF7B43C0024F77B /* Realm */; };
		E9A98FEA2AF7B43C0024F77B /* RealmSwift in Frameworks */ = {isa = PBXBuildFile; productRef = E9A98FE92AF7B43C0024F77B /* RealmSwift */; };
		E9A98FED2AF7B68C0024F77B /* RxCocoa in Frameworks */ = {isa = PBXBuildFile; productRef = E9A98FEC2AF7B68C0024F77B /* RxCocoa */; };
		E9A98FEF2AF7B68C0024F77B /* RxRelay in Frameworks */ = {isa = PBXBuildFile; productRef = E9A98FEE2AF7B68C0024F77B /* RxRelay */; };
		E9A98FF12AF7B68C0024F77B /* RxSwift in Frameworks */ = {isa = PBXBuildFile; productRef = E9A98FF02AF7B68C0024F77B /* RxSwift */; };
		E9A98FF42AF7C3520024F77B /* SnapKit in Frameworks */ = {isa = PBXBuildFile; productRef = E9A98FF32AF7C3520024F77B /* SnapKit */; };
		E9BAB81B2AFA577800B80410 /* MainViewController.swift in Sources */ = {isa = PBXBuildFile; fileRef = E9BAB81A2AFA577800B80410 /* MainViewController.swift */; };
		E9BAB81D2AFA578300B80410 /* CalendarViewController.swift in Sources */ = {isa = PBXBuildFile; fileRef = E9BAB81C2AFA578300B80410 /* CalendarViewController.swift */; };
		E9BAB8212AFA597100B80410 /* DesignSystem.swift in Sources */ = {isa = PBXBuildFile; fileRef = E9BAB8202AFA597100B80410 /* DesignSystem.swift */; };
		E9DC50152AFCDE6B00E2083C /* MainViewModel.swift in Sources */ = {isa = PBXBuildFile; fileRef = E9DC50142AFCDE6B00E2083C /* MainViewModel.swift */; };
		E9DC50182AFCDEC600E2083C /* MainTableViewCell.swift in Sources */ = {isa = PBXBuildFile; fileRef = E9DC50172AFCDEC600E2083C /* MainTableViewCell.swift */; };
		E9DC501A2AFCF03700E2083C /* MainTableViewHeaderView.swift in Sources */ = {isa = PBXBuildFile; fileRef = E9DC50192AFCF03700E2083C /* MainTableViewHeaderView.swift */; };
		E9E120032B1329EF0067800A /* RealmDataModel.swift in Sources */ = {isa = PBXBuildFile; fileRef = E9E120022B1329EF0067800A /* RealmDataModel.swift */; };
		E9F5ADE92B0F071E00BB164E /* Coordinator.swift in Sources */ = {isa = PBXBuildFile; fileRef = E9F5ADE82B0F071E00BB164E /* Coordinator.swift */; };
/* End PBXBuildFile section */

/* Begin PBXFileReference section */
		E91F94BB2B04E36A008B4D9A /* CalendarCollectionViewCell.swift */ = {isa = PBXFileReference; lastKnownFileType = sourcecode.swift; path = CalendarCollectionViewCell.swift; sourceTree = "<group>"; };
		E93767922AFF932D004DD5A6 /* MoreTableViewCell.swift */ = {isa = PBXFileReference; lastKnownFileType = sourcecode.swift; path = MoreTableViewCell.swift; sourceTree = "<group>"; };
		E93767952AFF9BBB004DD5A6 /* EmptyTableViewCell.swift */ = {isa = PBXFileReference; lastKnownFileType = sourcecode.swift; path = EmptyTableViewCell.swift; sourceTree = "<group>"; };
		E95363122B0CCD0D00675729 /* ThirdCreateViewController.swift */ = {isa = PBXFileReference; lastKnownFileType = sourcecode.swift; path = ThirdCreateViewController.swift; sourceTree = "<group>"; };
		E95363142B0D084800675729 /* RecordsViewController.swift */ = {isa = PBXFileReference; lastKnownFileType = sourcecode.swift; path = RecordsViewController.swift; sourceTree = "<group>"; };
		E968D0332B15AEEF005E4F63 /* SaveData.swift */ = {isa = PBXFileReference; lastKnownFileType = sourcecode.swift; path = SaveData.swift; sourceTree = "<group>"; };
		E968D0352B15AF37005E4F63 /* RealmAPI.swift */ = {isa = PBXFileReference; lastKnownFileType = sourcecode.swift; path = RealmAPI.swift; sourceTree = "<group>"; };
		E968D0372B15B311005E4F63 /* SaveDataModel.swift */ = {isa = PBXFileReference; lastKnownFileType = sourcecode.swift; path = SaveDataModel.swift; sourceTree = "<group>"; };
		E968D0392B15C58B005E4F63 /* LoadData.swift */ = {isa = PBXFileReference; lastKnownFileType = sourcecode.swift; path = LoadData.swift; sourceTree = "<group>"; };
		E96C44382B20D9E70094742A /* MonthRecordData.swift */ = {isa = PBXFileReference; lastKnownFileType = sourcecode.swift; path = MonthRecordData.swift; sourceTree = "<group>"; };
		E98143072AF92A6C008C3285 /* Extension.swift */ = {isa = PBXFileReference; lastKnownFileType = sourcecode.swift; path = Extension.swift; sourceTree = "<group>"; };
		E981430B2AF92B67008C3285 /* DataModel.swift */ = {isa = PBXFileReference; lastKnownFileType = sourcecode.swift; path = DataModel.swift; sourceTree = "<group>"; };
		E9902CC22B0F766E002BD2F7 /* StatisticsViewController.swift */ = {isa = PBXFileReference; lastKnownFileType = sourcecode.swift; path = StatisticsViewController.swift; sourceTree = "<group>"; };
		E9997BD02B1030650048FE59 /* TabbarPage.swift */ = {isa = PBXFileReference; lastKnownFileType = sourcecode.swift; path = TabbarPage.swift; sourceTree = "<group>"; };
		E9A22A8C2B076983000BC944 /* Splash.gif */ = {isa = PBXFileReference; lastKnownFileType = image.gif; path = Splash.gif; sourceTree = "<group>"; };
		E9A22A8F2B076B7B000BC944 /* SplashViewController.swift */ = {isa = PBXFileReference; lastKnownFileType = sourcecode.swift; path = SplashViewController.swift; sourceTree = "<group>"; };
		E9A22A922B08CA4C000BC944 /* FirstCreateViewController.swift */ = {isa = PBXFileReference; lastKnownFileType = sourcecode.swift; path = FirstCreateViewController.swift; sourceTree = "<group>"; };
		E9A22A942B08CAC3000BC944 /* NaviView.swift */ = {isa = PBXFileReference; lastKnownFileType = sourcecode.swift; path = NaviView.swift; sourceTree = "<group>"; };
		E9A22A972B09EB85000BC944 /* FirstCreateCollectionViewCell.swift */ = {isa = PBXFileReference; lastKnownFileType = sourcecode.swift; path = FirstCreateCollectionViewCell.swift; sourceTree = "<group>"; };
		E9A22A992B0A1ADA000BC944 /* FirstCreateCVHeader.swift */ = {isa = PBXFileReference; lastKnownFileType = sourcecode.swift; path = FirstCreateCVHeader.swift; sourceTree = "<group>"; };
		E9A22A9D2B0A213D000BC944 /* SecondCeateCollectionReusableView.swift */ = {isa = PBXFileReference; lastKnownFileType = sourcecode.swift; path = SecondCeateCollectionReusableView.swift; sourceTree = "<group>"; };
		E9A22A9F2B0A214F000BC944 /* SecondCreateCollectionViewCell.swift */ = {isa = PBXFileReference; lastKnownFileType = sourcecode.swift; path = SecondCreateCollectionViewCell.swift; sourceTree = "<group>"; };
		E9A22AA12B0A215C000BC944 /* SecondCreateViewController.swift */ = {isa = PBXFileReference; lastKnownFileType = sourcecode.swift; path = SecondCreateViewController.swift; sourceTree = "<group>"; };
		E9A98FCF2AF7A6B20024F77B /* LookIntoMind.app */ = {isa = PBXFileReference; explicitFileType = wrapper.application; includeInIndex = 0; path = LookIntoMind.app; sourceTree = BUILT_PRODUCTS_DIR; };
		E9A98FD22AF7A6B20024F77B /* AppDelegate.swift */ = {isa = PBXFileReference; lastKnownFileType = sourcecode.swift; path = AppDelegate.swift; sourceTree = "<group>"; };
		E9A98FD42AF7A6B20024F77B /* SceneDelegate.swift */ = {isa = PBXFileReference; lastKnownFileType = sourcecode.swift; path = SceneDelegate.swift; sourceTree = "<group>"; };
		E9A98FD62AF7A6B20024F77B /* TabbarViewController.swift */ = {isa = PBXFileReference; lastKnownFileType = sourcecode.swift; path = TabbarViewController.swift; sourceTree = "<group>"; };
		E9A98FD92AF7A6B20024F77B /* Base */ = {isa = PBXFileReference; lastKnownFileType = file.storyboard; name = Base; path = Base.lproj/Main.storyboard; sourceTree = "<group>"; };
		E9A98FDB2AF7A6B40024F77B /* Assets.xcassets */ = {isa = PBXFileReference; lastKnownFileType = folder.assetcatalog; path = Assets.xcassets; sourceTree = "<group>"; };
		E9A98FDE2AF7A6B40024F77B /* Base */ = {isa = PBXFileReference; lastKnownFileType = file.storyboard; name = Base; path = Base.lproj/LaunchScreen.storyboard; sourceTree = "<group>"; };
		E9A98FE02AF7A6B40024F77B /* Info.plist */ = {isa = PBXFileReference; lastKnownFileType = text.plist.xml; path = Info.plist; sourceTree = "<group>"; };
		E9BAB81A2AFA577800B80410 /* MainViewController.swift */ = {isa = PBXFileReference; lastKnownFileType = sourcecode.swift; path = MainViewController.swift; sourceTree = "<group>"; };
		E9BAB81C2AFA578300B80410 /* CalendarViewController.swift */ = {isa = PBXFileReference; lastKnownFileType = sourcecode.swift; path = CalendarViewController.swift; sourceTree = "<group>"; };
		E9BAB8202AFA597100B80410 /* DesignSystem.swift */ = {isa = PBXFileReference; lastKnownFileType = sourcecode.swift; path = DesignSystem.swift; sourceTree = "<group>"; };
		E9DC50142AFCDE6B00E2083C /* MainViewModel.swift */ = {isa = PBXFileReference; lastKnownFileType = sourcecode.swift; path = MainViewModel.swift; sourceTree = "<group>"; };
		E9DC50172AFCDEC600E2083C /* MainTableViewCell.swift */ = {isa = PBXFileReference; lastKnownFileType = sourcecode.swift; path = MainTableViewCell.swift; sourceTree = "<group>"; };
		E9DC50192AFCF03700E2083C /* MainTableViewHeaderView.swift */ = {isa = PBXFileReference; lastKnownFileType = sourcecode.swift; path = MainTableViewHeaderView.swift; sourceTree = "<group>"; };
		E9E120022B1329EF0067800A /* RealmDataModel.swift */ = {isa = PBXFileReference; lastKnownFileType = sourcecode.swift; path = RealmDataModel.swift; sourceTree = "<group>"; };
		E9F5ADE82B0F071E00BB164E /* Coordinator.swift */ = {isa = PBXFileReference; lastKnownFileType = sourcecode.swift; path = Coordinator.swift; sourceTree = "<group>"; };
/* End PBXFileReference section */

/* Begin PBXFrameworksBuildPhase section */
		E9A98FCC2AF7A6B20024F77B /* Frameworks */ = {
			isa = PBXFrameworksBuildPhase;
			buildActionMask = 2147483647;
			files = (
				E9A98FED2AF7B68C0024F77B /* RxCocoa in Frameworks */,
				E9A98FEA2AF7B43C0024F77B /* RealmSwift in Frameworks */,
				E9A98FF12AF7B68C0024F77B /* RxSwift in Frameworks */,
				E9A98FF42AF7C3520024F77B /* SnapKit in Frameworks */,
				E9A98FEF2AF7B68C0024F77B /* RxRelay in Frameworks */,
				E97AAE8A2B02521900EC60B0 /* FSCalendar in Frameworks */,
				E9A98FE82AF7B43C0024F77B /* Realm in Frameworks */,
				E9A22A8B2B076560000BC944 /* Gifu in Frameworks */,
			);
			runOnlyForDeploymentPostprocessing = 0;
		};
/* End PBXFrameworksBuildPhase section */

/* Begin PBXGroup section */
		E92E867F2B0BA541004F9045 /* FirstCreate */ = {
			isa = PBXGroup;
			children = (
				E9A22A992B0A1ADA000BC944 /* FirstCreateCVHeader.swift */,
				E9A22A972B09EB85000BC944 /* FirstCreateCollectionViewCell.swift */,
			);
			path = FirstCreate;
			sourceTree = "<group>";
		};
		E92E86802B0BA548004F9045 /* SecondCreate */ = {
			isa = PBXGroup;
			children = (
				E9A22A9D2B0A213D000BC944 /* SecondCeateCollectionReusableView.swift */,
				E9A22A9F2B0A214F000BC944 /* SecondCreateCollectionViewCell.swift */,
			);
			path = SecondCreate;
			sourceTree = "<group>";
		};
		E93767942AFF9BA7004DD5A6 /* Common */ = {
			isa = PBXGroup;
			children = (
				E9A22A942B08CAC3000BC944 /* NaviView.swift */,
				E9F5ADE82B0F071E00BB164E /* Coordinator.swift */,
			);
			path = Common;
			sourceTree = "<group>";
		};
		E98142FD2AF92985008C3285 /* Supporting */ = {
			isa = PBXGroup;
			children = (
				E98142FF2AF929F2008C3285 /* Image */,
				E9A98FD82AF7A6B20024F77B /* Main.storyboard */,
				E9A98FDB2AF7A6B40024F77B /* Assets.xcassets */,
				E9A98FDD2AF7A6B40024F77B /* LaunchScreen.storyboard */,
				E9A98FE02AF7A6B40024F77B /* Info.plist */,
			);
			path = Supporting;
			sourceTree = "<group>";
		};
		E98142FE2AF929DE008C3285 /* Application */ = {
			isa = PBXGroup;
			children = (
				E9A98FD22AF7A6B20024F77B /* AppDelegate.swift */,
				E9A98FD42AF7A6B20024F77B /* SceneDelegate.swift */,
			);
			path = Application;
			sourceTree = "<group>";
		};
		E98142FF2AF929F2008C3285 /* Image */ = {
			isa = PBXGroup;
			children = (
				E9A22A8C2B076983000BC944 /* Splash.gif */,
			);
			path = Image;
			sourceTree = "<group>";
		};
		E98143002AF929FC008C3285 /* Screens */ = {
			isa = PBXGroup;
			children = (
				E9A22A8E2B076B6E000BC944 /* Splash */,
				E9A22A912B08CA10000BC944 /* Create */,
				E9BAB8182AFA572500B80410 /* Records */,
				E9BAB8172AFA570F00B80410 /* Calender */,
				E9BAB8162AFA559500B80410 /* Main */,
				E9902CC02B0F7634002BD2F7 /* Statistics */,
				E9BAB8152AFA558C00B80410 /* Tabbar */,
				E93767942AFF9BA7004DD5A6 /* Common */,
			);
			path = Screens;
			sourceTree = "<group>";
		};
		E98143012AF92A0B008C3285 /* Domain */ = {
			isa = PBXGroup;
			children = (
				E98143092AF92B0A008C3285 /* Model */,
				E981430A2AF92B13008C3285 /* Repository */,
			);
			path = Domain;
			sourceTree = "<group>";
		};
		E98143022AF92A14008C3285 /* Platform */ = {
			isa = PBXGroup;
			children = (
				E98143042AF92A23008C3285 /* Utilities */,
				E98143052AF92A31008C3285 /* Fonts */,
			);
			path = Platform;
			sourceTree = "<group>";
		};
		E98143042AF92A23008C3285 /* Utilities */ = {
			isa = PBXGroup;
			children = (
				E98143072AF92A6C008C3285 /* Extension.swift */,
				E9BAB8202AFA597100B80410 /* DesignSystem.swift */,
				E9997BD02B1030650048FE59 /* TabbarPage.swift */,
			);
			path = Utilities;
			sourceTree = "<group>";
		};
		E98143052AF92A31008C3285 /* Fonts */ = {
			isa = PBXGroup;
			children = (
			);
			path = Fonts;
			sourceTree = "<group>";
		};
		E98143092AF92B0A008C3285 /* Model */ = {
			isa = PBXGroup;
			children = (
				E981430B2AF92B67008C3285 /* DataModel.swift */,
				E9E120022B1329EF0067800A /* RealmDataModel.swift */,
				E968D0372B15B311005E4F63 /* SaveDataModel.swift */,
				E96C44382B20D9E70094742A /* MonthRecordData.swift */,
			);
			path = Model;
			sourceTree = "<group>";
		};
		E981430A2AF92B13008C3285 /* Repository */ = {
			isa = PBXGroup;
			children = (
				E968D0332B15AEEF005E4F63 /* SaveData.swift */,
				E968D0392B15C58B005E4F63 /* LoadData.swift */,
				E968D0352B15AF37005E4F63 /* RealmAPI.swift */,
			);
			path = Repository;
			sourceTree = "<group>";
		};
		E9902CC02B0F7634002BD2F7 /* Statistics */ = {
			isa = PBXGroup;
			children = (
				E9902CC22B0F766E002BD2F7 /* StatisticsViewController.swift */,
			);
			path = Statistics;
			sourceTree = "<group>";
		};
		E9A22A8E2B076B6E000BC944 /* Splash */ = {
			isa = PBXGroup;
			children = (
				E9A22A8F2B076B7B000BC944 /* SplashViewController.swift */,
			);
			path = Splash;
			sourceTree = "<group>";
		};
		E9A22A912B08CA10000BC944 /* Create */ = {
			isa = PBXGroup;
			children = (
				E9A22A962B09EAD2000BC944 /* Cell */,
				E9A22A922B08CA4C000BC944 /* FirstCreateViewController.swift */,
				E9A22AA12B0A215C000BC944 /* SecondCreateViewController.swift */,
				E95363122B0CCD0D00675729 /* ThirdCreateViewController.swift */,
			);
			path = Create;
			sourceTree = "<group>";
		};
		E9A22A962B09EAD2000BC944 /* Cell */ = {
			isa = PBXGroup;
			children = (
				E92E867F2B0BA541004F9045 /* FirstCreate */,
				E92E86802B0BA548004F9045 /* SecondCreate */,
			);
			path = Cell;
			sourceTree = "<group>";
		};
		E9A98FC62AF7A6B20024F77B = {
			isa = PBXGroup;
			children = (
				E9A98FD12AF7A6B20024F77B /* LookIntoMind */,
				E9A98FD02AF7A6B20024F77B /* Products */,
			);
			sourceTree = "<group>";
		};
		E9A98FD02AF7A6B20024F77B /* Products */ = {
			isa = PBXGroup;
			children = (
				E9A98FCF2AF7A6B20024F77B /* LookIntoMind.app */,
			);
			name = Products;
			sourceTree = "<group>";
		};
		E9A98FD12AF7A6B20024F77B /* LookIntoMind */ = {
			isa = PBXGroup;
			children = (
				E98142FE2AF929DE008C3285 /* Application */,
				E98142FD2AF92985008C3285 /* Supporting */,
				E98143002AF929FC008C3285 /* Screens */,
				E98143012AF92A0B008C3285 /* Domain */,
				E98143022AF92A14008C3285 /* Platform */,
			);
			path = LookIntoMind;
			sourceTree = "<group>";
		};
		E9BAB8152AFA558C00B80410 /* Tabbar */ = {
			isa = PBXGroup;
			children = (
				E9A98FD62AF7A6B20024F77B /* TabbarViewController.swift */,
			);
			path = Tabbar;
			sourceTree = "<group>";
		};
		E9BAB8162AFA559500B80410 /* Main */ = {
			isa = PBXGroup;
			children = (
				E9DC50162AFCDEA000E2083C /* Cell */,
				E9BAB81A2AFA577800B80410 /* MainViewController.swift */,
				E9DC50142AFCDE6B00E2083C /* MainViewModel.swift */,
			);
			path = Main;
			sourceTree = "<group>";
		};
		E9BAB8172AFA570F00B80410 /* Calender */ = {
			isa = PBXGroup;
			children = (
				E9BAB81C2AFA578300B80410 /* CalendarViewController.swift */,
				E91F94BB2B04E36A008B4D9A /* CalendarCollectionViewCell.swift */,
			);
			path = Calender;
			sourceTree = "<group>";
		};
		E9BAB8182AFA572500B80410 /* Records */ = {
			isa = PBXGroup;
			children = (
				E95363142B0D084800675729 /* RecordsViewController.swift */,
			);
			path = Records;
			sourceTree = "<group>";
		};
		E9DC50162AFCDEA000E2083C /* Cell */ = {
			isa = PBXGroup;
			children = (
				E9DC50172AFCDEC600E2083C /* MainTableViewCell.swift */,
				E9DC50192AFCF03700E2083C /* MainTableViewHeaderView.swift */,
				E93767922AFF932D004DD5A6 /* MoreTableViewCell.swift */,
				E93767952AFF9BBB004DD5A6 /* EmptyTableViewCell.swift */,
			);
			path = Cell;
			sourceTree = "<group>";
		};
/* End PBXGroup section */

/* Begin PBXNativeTarget section */
		E9A98FCE2AF7A6B20024F77B /* LookIntoMind */ = {
			isa = PBXNativeTarget;
			buildConfigurationList = E9A98FE32AF7A6B40024F77B /* Build configuration list for PBXNativeTarget "LookIntoMind" */;
			buildPhases = (
				E9A98FCB2AF7A6B20024F77B /* Sources */,
				E9A98FCC2AF7A6B20024F77B /* Frameworks */,
				E9A98FCD2AF7A6B20024F77B /* Resources */,
			);
			buildRules = (
			);
			dependencies = (
			);
			name = LookIntoMind;
			packageProductDependencies = (
				E9A98FE72AF7B43C0024F77B /* Realm */,
				E9A98FE92AF7B43C0024F77B /* RealmSwift */,
				E9A98FEC2AF7B68C0024F77B /* RxCocoa */,
				E9A98FEE2AF7B68C0024F77B /* RxRelay */,
				E9A98FF02AF7B68C0024F77B /* RxSwift */,
				E9A98FF32AF7C3520024F77B /* SnapKit */,
				E97AAE892B02521900EC60B0 /* FSCalendar */,
				E9A22A8A2B076560000BC944 /* Gifu */,
			);
			productName = LookIntoMind;
			productReference = E9A98FCF2AF7A6B20024F77B /* LookIntoMind.app */;
			productType = "com.apple.product-type.application";
		};
/* End PBXNativeTarget section */

/* Begin PBXProject section */
		E9A98FC72AF7A6B20024F77B /* Project object */ = {
			isa = PBXProject;
			attributes = {
				BuildIndependentTargetsInParallel = 1;
				LastSwiftUpdateCheck = 1430;
				LastUpgradeCheck = 1430;
				TargetAttributes = {
					E9A98FCE2AF7A6B20024F77B = {
						CreatedOnToolsVersion = 14.3.1;
					};
				};
			};
			buildConfigurationList = E9A98FCA2AF7A6B20024F77B /* Build configuration list for PBXProject "LookIntoMind" */;
			compatibilityVersion = "Xcode 14.0";
			developmentRegion = en;
			hasScannedForEncodings = 0;
			knownRegions = (
				en,
				Base,
			);
			mainGroup = E9A98FC62AF7A6B20024F77B;
			packageReferences = (
				E9A98FE62AF7B43C0024F77B /* XCRemoteSwiftPackageReference "realm-swift" */,
				E9A98FEB2AF7B68C0024F77B /* XCRemoteSwiftPackageReference "RxSwift" */,
				E9A98FF22AF7C3520024F77B /* XCRemoteSwiftPackageReference "SnapKit" */,
				E97AAE882B02521900EC60B0 /* XCRemoteSwiftPackageReference "FSCalendar" */,
				E9A22A892B076560000BC944 /* XCRemoteSwiftPackageReference "Gifu" */,
			);
			productRefGroup = E9A98FD02AF7A6B20024F77B /* Products */;
			projectDirPath = "";
			projectRoot = "";
			targets = (
				E9A98FCE2AF7A6B20024F77B /* LookIntoMind */,
			);
		};
/* End PBXProject section */

/* Begin PBXResourcesBuildPhase section */
		E9A98FCD2AF7A6B20024F77B /* Resources */ = {
			isa = PBXResourcesBuildPhase;
			buildActionMask = 2147483647;
			files = (
				E9A98FDF2AF7A6B40024F77B /* LaunchScreen.storyboard in Resources */,
				E9A22A8D2B076983000BC944 /* Splash.gif in Resources */,
				E9A98FDC2AF7A6B40024F77B /* Assets.xcassets in Resources */,
				E9A98FDA2AF7A6B20024F77B /* Main.storyboard in Resources */,
			);
			runOnlyForDeploymentPostprocessing = 0;
		};
/* End PBXResourcesBuildPhase section */

/* Begin PBXSourcesBuildPhase section */
		E9A98FCB2AF7A6B20024F77B /* Sources */ = {
			isa = PBXSourcesBuildPhase;
			buildActionMask = 2147483647;
			files = (
				E9A22AA02B0A214F000BC944 /* SecondCreateCollectionViewCell.swift in Sources */,
				E968D0342B15AEEF005E4F63 /* SaveData.swift in Sources */,
				E9DC50182AFCDEC600E2083C /* MainTableViewCell.swift in Sources */,
				E968D03A2B15C58B005E4F63 /* LoadData.swift in Sources */,
				E9F5ADE92B0F071E00BB164E /* Coordinator.swift in Sources */,
				E981430C2AF92B67008C3285 /* DataModel.swift in Sources */,
				E9A22A9E2B0A213D000BC944 /* SecondCeateCollectionReusableView.swift in Sources */,
				E9A22AA22B0A215C000BC944 /* SecondCreateViewController.swift in Sources */,
				E9DC50152AFCDE6B00E2083C /* MainViewModel.swift in Sources */,
				E9A98FD72AF7A6B20024F77B /* TabbarViewController.swift in Sources */,
				E9DC501A2AFCF03700E2083C /* MainTableViewHeaderView.swift in Sources */,
				E95363132B0CCD0D00675729 /* ThirdCreateViewController.swift in Sources */,
				E968D0382B15B311005E4F63 /* SaveDataModel.swift in Sources */,
				E93767962AFF9BBB004DD5A6 /* EmptyTableViewCell.swift in Sources */,
				E9E120032B1329EF0067800A /* RealmDataModel.swift in Sources */,
				E95363152B0D084800675729 /* RecordsViewController.swift in Sources */,
				E968D0362B15AF37005E4F63 /* RealmAPI.swift in Sources */,
				E9A22A9A2B0A1ADA000BC944 /* FirstCreateCVHeader.swift in Sources */,
				E93767932AFF932D004DD5A6 /* MoreTableViewCell.swift in Sources */,
				E9A98FD32AF7A6B20024F77B /* AppDelegate.swift in Sources */,
				E9BAB8212AFA597100B80410 /* DesignSystem.swift in Sources */,
				E91F94BC2B04E36A008B4D9A /* CalendarCollectionViewCell.swift in Sources */,
				E9BAB81B2AFA577800B80410 /* MainViewController.swift in Sources */,
				E9A22A982B09EB85000BC944 /* FirstCreateCollectionViewCell.swift in Sources */,
				E96C44392B20D9E70094742A /* MonthRecordData.swift in Sources */,
				E9BAB81D2AFA578300B80410 /* CalendarViewController.swift in Sources */,
				E9A98FD52AF7A6B20024F77B /* SceneDelegate.swift in Sources */,
				E98143082AF92A6C008C3285 /* Extension.swift in Sources */,
				E9A22A932B08CA4C000BC944 /* FirstCreateViewController.swift in Sources */,
				E9A22A952B08CAC3000BC944 /* NaviView.swift in Sources */,
				E9A22A902B076B7B000BC944 /* SplashViewController.swift in Sources */,
				E9997BD12B1030650048FE59 /* TabbarPage.swift in Sources */,
				E9902CC32B0F766E002BD2F7 /* StatisticsViewController.swift in Sources */,
			);
			runOnlyForDeploymentPostprocessing = 0;
		};
/* End PBXSourcesBuildPhase section */

/* Begin PBXVariantGroup section */
		E9A98FD82AF7A6B20024F77B /* Main.storyboard */ = {
			isa = PBXVariantGroup;
			children = (
				E9A98FD92AF7A6B20024F77B /* Base */,
			);
			name = Main.storyboard;
			sourceTree = "<group>";
		};
		E9A98FDD2AF7A6B40024F77B /* LaunchScreen.storyboard */ = {
			isa = PBXVariantGroup;
			children = (
				E9A98FDE2AF7A6B40024F77B /* Base */,
			);
			name = LaunchScreen.storyboard;
			sourceTree = "<group>";
		};
/* End PBXVariantGroup section */

/* Begin XCBuildConfiguration section */
		E9A98FE12AF7A6B40024F77B /* Debug */ = {
			isa = XCBuildConfiguration;
			buildSettings = {
				ALWAYS_SEARCH_USER_PATHS = NO;
				CLANG_ANALYZER_NONNULL = YES;
				CLANG_ANALYZER_NUMBER_OBJECT_CONVERSION = YES_AGGRESSIVE;
				CLANG_CXX_LANGUAGE_STANDARD = "gnu++20";
				CLANG_ENABLE_MODULES = YES;
				CLANG_ENABLE_OBJC_ARC = YES;
				CLANG_ENABLE_OBJC_WEAK = YES;
				CLANG_WARN_BLOCK_CAPTURE_AUTORELEASING = YES;
				CLANG_WARN_BOOL_CONVERSION = YES;
				CLANG_WARN_COMMA = YES;
				CLANG_WARN_CONSTANT_CONVERSION = YES;
				CLANG_WARN_DEPRECATED_OBJC_IMPLEMENTATIONS = YES;
				CLANG_WARN_DIRECT_OBJC_ISA_USAGE = YES_ERROR;
				CLANG_WARN_DOCUMENTATION_COMMENTS = YES;
				CLANG_WARN_EMPTY_BODY = YES;
				CLANG_WARN_ENUM_CONVERSION = YES;
				CLANG_WARN_INFINITE_RECURSION = YES;
				CLANG_WARN_INT_CONVERSION = YES;
				CLANG_WARN_NON_LITERAL_NULL_CONVERSION = YES;
				CLANG_WARN_OBJC_IMPLICIT_RETAIN_SELF = YES;
				CLANG_WARN_OBJC_LITERAL_CONVERSION = YES;
				CLANG_WARN_OBJC_ROOT_CLASS = YES_ERROR;
				CLANG_WARN_QUOTED_INCLUDE_IN_FRAMEWORK_HEADER = YES;
				CLANG_WARN_RANGE_LOOP_ANALYSIS = YES;
				CLANG_WARN_STRICT_PROTOTYPES = YES;
				CLANG_WARN_SUSPICIOUS_MOVE = YES;
				CLANG_WARN_UNGUARDED_AVAILABILITY = YES_AGGRESSIVE;
				CLANG_WARN_UNREACHABLE_CODE = YES;
				CLANG_WARN__DUPLICATE_METHOD_MATCH = YES;
				COPY_PHASE_STRIP = NO;
				DEBUG_INFORMATION_FORMAT = dwarf;
				ENABLE_STRICT_OBJC_MSGSEND = YES;
				ENABLE_TESTABILITY = YES;
				GCC_C_LANGUAGE_STANDARD = gnu11;
				GCC_DYNAMIC_NO_PIC = NO;
				GCC_NO_COMMON_BLOCKS = YES;
				GCC_OPTIMIZATION_LEVEL = 0;
				GCC_PREPROCESSOR_DEFINITIONS = (
					"DEBUG=1",
					"$(inherited)",
				);
				GCC_WARN_64_TO_32_BIT_CONVERSION = YES;
				GCC_WARN_ABOUT_RETURN_TYPE = YES_ERROR;
				GCC_WARN_UNDECLARED_SELECTOR = YES;
				GCC_WARN_UNINITIALIZED_AUTOS = YES_AGGRESSIVE;
				GCC_WARN_UNUSED_FUNCTION = YES;
				GCC_WARN_UNUSED_VARIABLE = YES;
				INFOPLIST_KEY_CFBundleDisplayName = "마음보기";
				IPHONEOS_DEPLOYMENT_TARGET = 15.0;
				MTL_ENABLE_DEBUG_INFO = INCLUDE_SOURCE;
				MTL_FAST_MATH = YES;
				ONLY_ACTIVE_ARCH = YES;
				SDKROOT = iphoneos;
				SWIFT_ACTIVE_COMPILATION_CONDITIONS = DEBUG;
				SWIFT_OPTIMIZATION_LEVEL = "-Onone";
			};
			name = Debug;
		};
		E9A98FE22AF7A6B40024F77B /* Release */ = {
			isa = XCBuildConfiguration;
			buildSettings = {
				ALWAYS_SEARCH_USER_PATHS = NO;
				CLANG_ANALYZER_NONNULL = YES;
				CLANG_ANALYZER_NUMBER_OBJECT_CONVERSION = YES_AGGRESSIVE;
				CLANG_CXX_LANGUAGE_STANDARD = "gnu++20";
				CLANG_ENABLE_MODULES = YES;
				CLANG_ENABLE_OBJC_ARC = YES;
				CLANG_ENABLE_OBJC_WEAK = YES;
				CLANG_WARN_BLOCK_CAPTURE_AUTORELEASING = YES;
				CLANG_WARN_BOOL_CONVERSION = YES;
				CLANG_WARN_COMMA = YES;
				CLANG_WARN_CONSTANT_CONVERSION = YES;
				CLANG_WARN_DEPRECATED_OBJC_IMPLEMENTATIONS = YES;
				CLANG_WARN_DIRECT_OBJC_ISA_USAGE = YES_ERROR;
				CLANG_WARN_DOCUMENTATION_COMMENTS = YES;
				CLANG_WARN_EMPTY_BODY = YES;
				CLANG_WARN_ENUM_CONVERSION = YES;
				CLANG_WARN_INFINITE_RECURSION = YES;
				CLANG_WARN_INT_CONVERSION = YES;
				CLANG_WARN_NON_LITERAL_NULL_CONVERSION = YES;
				CLANG_WARN_OBJC_IMPLICIT_RETAIN_SELF = YES;
				CLANG_WARN_OBJC_LITERAL_CONVERSION = YES;
				CLANG_WARN_OBJC_ROOT_CLASS = YES_ERROR;
				CLANG_WARN_QUOTED_INCLUDE_IN_FRAMEWORK_HEADER = YES;
				CLANG_WARN_RANGE_LOOP_ANALYSIS = YES;
				CLANG_WARN_STRICT_PROTOTYPES = YES;
				CLANG_WARN_SUSPICIOUS_MOVE = YES;
				CLANG_WARN_UNGUARDED_AVAILABILITY = YES_AGGRESSIVE;
				CLANG_WARN_UNREACHABLE_CODE = YES;
				CLANG_WARN__DUPLICATE_METHOD_MATCH = YES;
				COPY_PHASE_STRIP = NO;
				DEBUG_INFORMATION_FORMAT = "dwarf-with-dsym";
				ENABLE_NS_ASSERTIONS = NO;
				ENABLE_STRICT_OBJC_MSGSEND = YES;
				GCC_C_LANGUAGE_STANDARD = gnu11;
				GCC_NO_COMMON_BLOCKS = YES;
				GCC_WARN_64_TO_32_BIT_CONVERSION = YES;
				GCC_WARN_ABOUT_RETURN_TYPE = YES_ERROR;
				GCC_WARN_UNDECLARED_SELECTOR = YES;
				GCC_WARN_UNINITIALIZED_AUTOS = YES_AGGRESSIVE;
				GCC_WARN_UNUSED_FUNCTION = YES;
				GCC_WARN_UNUSED_VARIABLE = YES;
				INFOPLIST_KEY_CFBundleDisplayName = "마음보기";
				IPHONEOS_DEPLOYMENT_TARGET = 15.0;
				MTL_ENABLE_DEBUG_INFO = NO;
				MTL_FAST_MATH = YES;
				SDKROOT = iphoneos;
				SWIFT_COMPILATION_MODE = wholemodule;
				SWIFT_OPTIMIZATION_LEVEL = "-O";
				VALIDATE_PRODUCT = YES;
			};
			name = Release;
		};
		E9A98FE42AF7A6B40024F77B /* Debug */ = {
			isa = XCBuildConfiguration;
			buildSettings = {
				ASSETCATALOG_COMPILER_APPICON_NAME = AppIcon;
				ASSETCATALOG_COMPILER_GLOBAL_ACCENT_COLOR_NAME = AccentColor;
				CODE_SIGN_STYLE = Automatic;
				CURRENT_PROJECT_VERSION = 2023120301;
				DEVELOPMENT_TEAM = 8Y6GZNH939;
				GENERATE_INFOPLIST_FILE = YES;
				INFOPLIST_FILE = LookIntoMind/Supporting/Info.plist;
				INFOPLIST_KEY_UIApplicationSupportsIndirectInputEvents = YES;
				INFOPLIST_KEY_UILaunchStoryboardName = LaunchScreen;
				INFOPLIST_KEY_UIMainStoryboardFile = Main;
				INFOPLIST_KEY_UISupportedInterfaceOrientations_iPad = "UIInterfaceOrientationPortrait UIInterfaceOrientationPortraitUpsideDown UIInterfaceOrientationLandscapeLeft UIInterfaceOrientationLandscapeRight";
				INFOPLIST_KEY_UISupportedInterfaceOrientations_iPhone = "UIInterfaceOrientationPortrait UIInterfaceOrientationLandscapeLeft UIInterfaceOrientationLandscapeRight";
				INFOPLIST_KEY_UIUserInterfaceStyle = Light;
				IPHONEOS_DEPLOYMENT_TARGET = 15.0;
				LD_RUNPATH_SEARCH_PATHS = (
					"$(inherited)",
					"@executable_path/Frameworks",
				);
				MARKETING_VERSION = 1.0;
				OTHER_SWIFT_FLAGS = "-Xfrontend -warn-long-function-bodies=100 -Xfrontend -warn-long-expression-type-checking=100";
				PRODUCT_BUNDLE_IDENTIFIER = com.ggasoon2.LookIntoMind;
				PRODUCT_NAME = "$(TARGET_NAME)";
				SWIFT_EMIT_LOC_STRINGS = YES;
				SWIFT_VERSION = 5.0;
				TARGETED_DEVICE_FAMILY = "1,2";
			};
			name = Debug;
		};
		E9A98FE52AF7A6B40024F77B /* Release */ = {
			isa = XCBuildConfiguration;
			buildSettings = {
				ASSETCATALOG_COMPILER_APPICON_NAME = AppIcon;
				ASSETCATALOG_COMPILER_GLOBAL_ACCENT_COLOR_NAME = AccentColor;
				CODE_SIGN_STYLE = Automatic;
				CURRENT_PROJECT_VERSION = 2023120301;
				DEVELOPMENT_TEAM = 8Y6GZNH939;
				GENERATE_INFOPLIST_FILE = YES;
				INFOPLIST_FILE = LookIntoMind/Supporting/Info.plist;
				INFOPLIST_KEY_UIApplicationSupportsIndirectInputEvents = YES;
				INFOPLIST_KEY_UILaunchStoryboardName = LaunchScreen;
				INFOPLIST_KEY_UIMainStoryboardFile = Main;
				INFOPLIST_KEY_UISupportedInterfaceOrientations_iPad = "UIInterfaceOrientationPortrait UIInterfaceOrientationPortraitUpsideDown UIInterfaceOrientationLandscapeLeft UIInterfaceOrientationLandscapeRight";
				INFOPLIST_KEY_UISupportedInterfaceOrientations_iPhone = "UIInterfaceOrientationPortrait UIInterfaceOrientationLandscapeLeft UIInterfaceOrientationLandscapeRight";
				INFOPLIST_KEY_UIUserInterfaceStyle = Light;
				IPHONEOS_DEPLOYMENT_TARGET = 15.0;
				LD_RUNPATH_SEARCH_PATHS = (
					"$(inherited)",
					"@executable_path/Frameworks",
				);
				MARKETING_VERSION = 1.0;
				OTHER_SWIFT_FLAGS = "-Xfrontend -warn-long-function-bodies=100 -Xfrontend -warn-long-expression-type-checking=100";
				PRODUCT_BUNDLE_IDENTIFIER = com.ggasoon2.LookIntoMind;
				PRODUCT_NAME = "$(TARGET_NAME)";
				SWIFT_EMIT_LOC_STRINGS = YES;
				SWIFT_VERSION = 5.0;
				TARGETED_DEVICE_FAMILY = "1,2";
			};
			name = Release;
		};
/* End XCBuildConfiguration section */

/* Begin XCConfigurationList section */
		E9A98FCA2AF7A6B20024F77B /* Build configuration list for PBXProject "LookIntoMind" */ = {
			isa = XCConfigurationList;
			buildConfigurations = (
				E9A98FE12AF7A6B40024F77B /* Debug */,
				E9A98FE22AF7A6B40024F77B /* Release */,
			);
			defaultConfigurationIsVisible = 0;
			defaultConfigurationName = Release;
		};
		E9A98FE32AF7A6B40024F77B /* Build configuration list for PBXNativeTarget "LookIntoMind" */ = {
			isa = XCConfigurationList;
			buildConfigurations = (
				E9A98FE42AF7A6B40024F77B /* Debug */,
				E9A98FE52AF7A6B40024F77B /* Release */,
			);
			defaultConfigurationIsVisible = 0;
			defaultConfigurationName = Release;
		};
/* End XCConfigurationList section */

/* Begin XCRemoteSwiftPackageReference section */
		E97AAE882B02521900EC60B0 /* XCRemoteSwiftPackageReference "FSCalendar" */ = {
			isa = XCRemoteSwiftPackageReference;
			repositoryURL = "https://github.com/WenchaoD/FSCalendar.git";
			requirement = {
				kind = upToNextMajorVersion;
				minimumVersion = 2.0.0;
			};
		};
		E9A22A892B076560000BC944 /* XCRemoteSwiftPackageReference "Gifu" */ = {
			isa = XCRemoteSwiftPackageReference;
			repositoryURL = "https://github.com/kaishin/Gifu";
			requirement = {
				branch = master;
				kind = branch;
			};
		};
		E9A98FE62AF7B43C0024F77B /* XCRemoteSwiftPackageReference "realm-swift" */ = {
			isa = XCRemoteSwiftPackageReference;
			repositoryURL = "https://github.com/realm/realm-swift";
			requirement = {
				branch = master;
				kind = branch;
			};
		};
		E9A98FEB2AF7B68C0024F77B /* XCRemoteSwiftPackageReference "RxSwift" */ = {
			isa = XCRemoteSwiftPackageReference;
			repositoryURL = "https://github.com/ReactiveX/RxSwift";
			requirement = {
				kind = upToNextMajorVersion;
				minimumVersion = 6.0.0;
			};
		};
		E9A98FF22AF7C3520024F77B /* XCRemoteSwiftPackageReference "SnapKit" */ = {
			isa = XCRemoteSwiftPackageReference;
			repositoryURL = "https://github.com/SnapKit/SnapKit";
			requirement = {
				kind = upToNextMajorVersion;
				minimumVersion = 5.0.0;
			};
		};
/* End XCRemoteSwiftPackageReference section */

/* Begin XCSwiftPackageProductDependency section */
		E97AAE892B02521900EC60B0 /* FSCalendar */ = {
			isa = XCSwiftPackageProductDependency;
			package = E97AAE882B02521900EC60B0 /* XCRemoteSwiftPackageReference "FSCalendar" */;
			productName = FSCalendar;
		};
		E9A22A8A2B076560000BC944 /* Gifu */ = {
			isa = XCSwiftPackageProductDependency;
			package = E9A22A892B076560000BC944 /* XCRemoteSwiftPackageReference "Gifu" */;
			productName = Gifu;
		};
		E9A98FE72AF7B43C0024F77B /* Realm */ = {
			isa = XCSwiftPackageProductDependency;
			package = E9A98FE62AF7B43C0024F77B /* XCRemoteSwiftPackageReference "realm-swift" */;
			productName = Realm;
		};
		E9A98FE92AF7B43C0024F77B /* RealmSwift */ = {
			isa = XCSwiftPackageProductDependency;
			package = E9A98FE62AF7B43C0024F77B /* XCRemoteSwiftPackageReference "realm-swift" */;
			productName = RealmSwift;
		};
		E9A98FEC2AF7B68C0024F77B /* RxCocoa */ = {
			isa = XCSwiftPackageProductDependency;
			package = E9A98FEB2AF7B68C0024F77B /* XCRemoteSwiftPackageReference "RxSwift" */;
			productName = RxCocoa;
		};
		E9A98FEE2AF7B68C0024F77B /* RxRelay */ = {
			isa = XCSwiftPackageProductDependency;
			package = E9A98FEB2AF7B68C0024F77B /* XCRemoteSwiftPackageReference "RxSwift" */;
			productName = RxRelay;
		};
		E9A98FF02AF7B68C0024F77B /* RxSwift */ = {
			isa = XCSwiftPackageProductDependency;
			package = E9A98FEB2AF7B68C0024F77B /* XCRemoteSwiftPackageReference "RxSwift" */;
			productName = RxSwift;
		};
		E9A98FF32AF7C3520024F77B /* SnapKit */ = {
			isa = XCSwiftPackageProductDependency;
			package = E9A98FF22AF7C3520024F77B /* XCRemoteSwiftPackageReference "SnapKit" */;
			productName = SnapKit;
		};
/* End XCSwiftPackageProductDependency section */
	};
	rootObject = E9A98FC72AF7A6B20024F77B /* Project object */;
}
